
Microsoft Visual Studio Solution File, Format Version 12.00
# Visual Studio 15
Project("{FAE04EC0-301F-11D3-BF4B-00C04F79EFBC}") = "Assembly-CSharp", "Assembly-CSharp.csproj", "{015B59D4-E5EE-34DF-EF71-8224D536373F}"
EndProject
Project("{FAE04EC0-301F-11D3-BF4B-00C04F79EFBC}") = "Assembly-CSharp-Editor", "Assembly-CSharp-Editor.csproj", "{07B2972D-9B80-5AC1-E04B-146A93227FA8}"
EndProject
Global
	GlobalSection(SolutionConfigurationPlatforms) = preSolution
		Debug|Any CPU = Debug|Any CPU
		Release|Any CPU = Release|Any CPU
	EndGlobalSection
	GlobalSection(ProjectConfigurationPlatforms) = postSolution
		{015B59D4-E5EE-34DF-EF71-8224D536373F}.Debug|Any CPU.ActiveCfg = Debug|Any CPU
		{015B59D4-E5EE-34DF-EF71-8224D536373F}.Debug|Any CPU.Build.0 = Debug|Any CPU
		{015B59D4-E5EE-34DF-EF71-8224D536373F}.Release|Any CPU.ActiveCfg = Release|Any CPU
		{015B59D4-E5EE-34DF-EF71-8224D536373F}.Release|Any CPU.Build.0 = Release|Any CPU
		{07B2972D-9B80-5AC1-E04B-146A93227FA8}.Debug|Any CPU.ActiveCfg = Debug|Any CPU
		{07B2972D-9B80-5AC1-E04B-146A93227FA8}.Debug|Any CPU.Build.0 = Debug|Any CPU
		{07B2972D-9B80-5AC1-E04B-146A93227FA8}.Release|Any CPU.ActiveCfg = Release|Any CPU
		{07B2972D-9B80-5AC1-E04B-146A93227FA8}.Release|Any CPU.Build.0 = Release|Any CPU
	EndGlobalSection
	GlobalSection(SolutionProperties) = preSolution
		HideSolutionNode = FALSE
	EndGlobalSection
EndGlobal
